lockfileVersion: '9.0'

settings:
  autoInstallPeers: true
  excludeLinksFromLockfile: false

importers:

  .:
    dependencies:
      '@mercuryworkshop/bare-mux':
        specifier: 2.1.9
        version: 2.1.9
      '@mercuryworkshop/epoxy-transport':
        specifier: 2.1.28
        version: 2.1.28
      ipaddr.js:
        specifier: 2.5.0
        version: 2.5.0
      ws:
        specifier: 8.22.0
        version: 8.22.0(bufferutil@4.1.0)

packages:

  '@mercuryworkshop/bare-mux@2.1.9':
    resolution: {integrity: sha512-fiOqWm3VP0Bl8T+0l+qnb7ab9zO+PpKVbtJvOnMsefUv6kWIaoDtqyr9hd/t4gA8oBwgtyZVqIwO2J9nKY9ylw==}

  '@mercuryworkshop/epoxy-tls@2.1.18-1':
    resolution: {integrity: sha512-2N1BYn/+FJxIbRw+sipbl3mQPinRflqQDB9HGAXJEVj4Ok4FIlTlS4fO2cpXKEq5yoD3oaKb8GyNaQfndNui9w==}

  '@mercuryworkshop/epoxy-transport@2.1.28':
    resolution: {integrity: sha512-lv/Kfdn37y8ZCXQaIT3Ebj4OSztBqeXdbR9rchbHQBKIw/fNSQJLGNBHV5ScXSzqt7NCwv8ZiZx7urRyk7Ua/Q==}

  bufferutil@4.1.0:
    resolution: {integrity: sha512-ZMANVnAixE6AWWnPzlW2KpUrxhm9woycYvPOo67jWHyFowASTEd9s+QN1EIMsSDtwhIxN4sWE1jotpuDUIgyIw==}
    engines: {node: '>=6.14.2'}

  ipaddr.js@2.5.0:
    resolution: {integrity: sha512-aq+t5NAc+cS6rZQQVWC2x98CPqGtKKTMDd4Gaodv0wShnItdKg/51djkGJ1hqH+Oy0ivDftCbSLCQob8zso01w==}
    engines: {node: '>= 10'}

  node-gyp-build@4.8.4:
    resolution: {integrity: sha512-LA4ZjwlnUblHVgq0oBF3Jl/6h/Nvs5fzBLwdEF4nuxnFdsfajde4WfxtJr3CaiH+F6ewcIB/q4jQ4UzPyid+CQ==}
    hasBin: true

  ws@8.22.0:
    resolution: {integrity: sha512-Ydggc987+RO0AnWtZ/7Wq9FtNvcrL1b/RO0ud9mWjUPgDrsAAwQSF51sm2hm1XofbU/4jkpGEsLFsZZxU+1DOg==}
    engines: {node: '>=10.0.0'}
    peerDependencies:
      bufferutil: ^4.0.1
      utf-8-validate: '>=5.0.2'
    peerDependenciesMeta:
      bufferutil:
        optional: true
      utf-8-validate:
        optional: true

snapshots:

  '@mercuryworkshop/bare-mux@2.1.9': {}

  '@mercuryworkshop/epoxy-tls@2.1.18-1': {}

  '@mercuryworkshop/epoxy-transport@2.1.28':
    dependencies:
      '@mercuryworkshop/epoxy-tls': 2.1.18-1

  bufferutil@4.1.0:
    dependencies:
      node-gyp-build: 4.8.4
    optional: true

  ipaddr.js@2.5.0: {}

  node-gyp-build@4.8.4:
    optional: true

  ws@8.22.0(bufferutil@4.1.0):
    optionalDependencies:
      bufferutil: 4.1.0
